
Microsoft Visual Studio Solution File, Format Version 12.00
# Visual Studio Version 17
VisualStudioVersion = 17.9.34701.34
MinimumVisualStudioVersion = 10.0.40219.1
Project("{FAE04EC0-301F-11D3-BF4B-00C04F79EFBC}") = "Veterinaria", "Veterinaria\Veterinaria.csproj", "{67BA2229-AFFE-424D-A660-E1352CAF422F}"
EndProject
Project("{FAE04EC0-301F-11D3-BF4B-00C04F79EFBC}") = "Precentacion", "Precentacion\Precentacion.csproj", "{930ED6CF-166F-42C1-B99C-4CFF467F3A72}"
EndProject
Project("{FAE04EC0-301F-11D3-BF4B-00C04F79EFBC}") = "Entity", "Entity\Entity.csproj", "{072F8769-CD8A-4DC3-A5C1-E1A04A1ADAFD}"
EndProject
Project("{FAE04EC0-301F-11D3-BF4B-00C04F79EFBC}") = "BLL", "BLL\BLL.csproj", "{0943FFB9-4C1C-4894-B43A-93CD0C4330B2}"
EndProject
Project("{FAE04EC0-301F-11D3-BF4B-00C04F79EFBC}") = "DAL", "DAL\DAL.csproj", "{641314EA-75A2-412C-A98E-CF7D0DD1E144}"
EndProject
Global
	GlobalSection(SolutionConfigurationPlatforms) = preSolution
		Debug|Any CPU = Debug|Any CPU
		Release|Any CPU = Release|Any CPU
	EndGlobalSection
	GlobalSection(ProjectConfigurationPlatforms) = postSolution
		{67BA2229-AFFE-424D-A660-E1352CAF422F}.Debug|Any CPU.ActiveCfg = Debug|Any CPU
		{67BA2229-AFFE-424D-A660-E1352CAF422F}.Debug|Any CPU.Build.0 = Debug|Any CPU
		{67BA2229-AFFE-424D-A660-E1352CAF422F}.Release|Any CPU.ActiveCfg = Release|Any CPU
		{67BA2229-AFFE-424D-A660-E1352CAF422F}.Release|Any CPU.Build.0 = Release|Any CPU
		{930ED6CF-166F-42C1-B99C-4CFF467F3A72}.Debug|Any CPU.ActiveCfg = Debug|Any CPU
		{930ED6CF-166F-42C1-B99C-4CFF467F3A72}.Debug|Any CPU.Build.0 = Debug|Any CPU
		{930ED6CF-166F-42C1-B99C-4CFF467F3A72}.Release|Any CPU.ActiveCfg = Release|Any CPU
		{930ED6CF-166F-42C1-B99C-4CFF467F3A72}.Release|Any CPU.Build.0 = Release|Any CPU
		{072F8769-CD8A-4DC3-A5C1-E1A04A1ADAFD}.Debug|Any CPU.ActiveCfg = Debug|Any CPU
		{072F8769-CD8A-4DC3-A5C1-E1A04A1ADAFD}.Debug|Any CPU.Build.0 = Debug|Any CPU
		{072F8769-CD8A-4DC3-A5C1-E1A04A1ADAFD}.Release|Any CPU.ActiveCfg = Release|Any CPU
		{072F8769-CD8A-4DC3-A5C1-E1A04A1ADAFD}.Release|Any CPU.Build.0 = Release|Any CPU
		{0943FFB9-4C1C-4894-B43A-93CD0C4330B2}.Debug|Any CPU.ActiveCfg = Debug|Any CPU
		{0943FFB9-4C1C-4894-B43A-93CD0C4330B2}.Debug|Any CPU.Build.0 = Debug|Any CPU
		{0943FFB9-4C1C-4894-B43A-93CD0C4330B2}.Release|Any CPU.ActiveCfg = Release|Any CPU
		{0943FFB9-4C1C-4894-B43A-93CD0C4330B2}.Release|Any CPU.Build.0 = Release|Any CPU
		{641314EA-75A2-412C-A98E-CF7D0DD1E144}.Debug|Any CPU.ActiveCfg = Debug|Any CPU
		{641314EA-75A2-412C-A98E-CF7D0DD1E144}.Debug|Any CPU.Build.0 = Debug|Any CPU
		{641314EA-75A2-412C-A98E-CF7D0DD1E144}.Release|Any CPU.ActiveCfg = Release|Any CPU
		{641314EA-75A2-412C-A98E-CF7D0DD1E144}.Release|Any CPU.Build.0 = Release|Any CPU
	EndGlobalSection
	GlobalSection(SolutionProperties) = preSolution
		HideSolutionNode = FALSE
	EndGlobalSection
	GlobalSection(ExtensibilityGlobals) = postSolution
		SolutionGuid = {415D8AA5-8C98-48DD-BD56-358A13CFF22E}
	EndGlobalSection
EndGlobal
